
Microsoft Visual Studio Solution File, Format Version 12.00
# Visual Studio Version 16
VisualStudioVersion = 16.0.31112.23
MinimumVisualStudioVersion = 10.0.40219.1
Project("{FAE04EC0-301F-11D3-BF4B-00C04F79EFBC}") = "net-desktop", "net-desktop\net-desktop.csproj", "{F67225EA-58BD-4158-AF5A-81045C220078}"
EndProject
Global
	GlobalSection(SolutionConfigurationPlatforms) = preSolution
		Debug|Any CPU = Debug|Any CPU
		Release|Any CPU = Release|Any CPU
	EndGlobalSection
	GlobalSection(ProjectConfigurationPlatforms) = postSolution
		{F67225EA-58BD-4158-AF5A-81045C220078}.Debug|Any CPU.ActiveCfg = Debug|Any CPU
		{F67225EA-58BD-4158-AF5A-81045C220078}.Debug|Any CPU.Build.0 = Debug|Any CPU
		{F67225EA-58BD-4158-AF5A-81045C220078}.Release|Any CPU.ActiveCfg = Release|Any CPU
		{F67225EA-58BD-4158-AF5A-81045C220078}.Release|Any CPU.Build.0 = Release|Any CPU
	EndGlobalSection
	GlobalSection(SolutionProperties) = preSolution
		HideSolutionNode = FALSE
	EndGlobalSection
	GlobalSection(ExtensibilityGlobals) = postSolution
		SolutionGuid = {925099C0-2F23-4C0D-BDC2-47B75EFAC27A}
	EndGlobalSection
EndGlobal
