
Microsoft Visual Studio Solution File, Format Version 12.00
# Visual Studio Version 16
VisualStudioVersion = 16.0.31112.23
MinimumVisualStudioVersion = 10.0.40219.1
Project("{FAE04EC0-301F-11D3-BF4B-00C04F79EFBC}") = "net-desktop", "net-desktop\net-desktop.csproj", "{F67225EA-58BD-4158-AF5A-81045C220078}"
EndProject
Project("{FAE04EC0-301F-11D3-BF4B-00C04F79EFBC}") = "ConsoleApp1", "ConsoleApp1\ConsoleApp1.csproj", "{95E6E9F5-F518-47E2-9515-0DE5A1CDC257}"
EndProject
Project("{FAE04EC0-301F-11D3-BF4B-00C04F79EFBC}") = "FloatVariaveis", "FloatVariaveis\FloatVariaveis.csproj", "{EE3A65A0-B2DD-4C56-AECA-123C5AD4B624}"
EndProject
Project("{FAE04EC0-301F-11D3-BF4B-00C04F79EFBC}") = "ConversoesNumericas", "ConversoesNumericas\ConversoesNumericas.csproj", "{87E01A98-F8AB-4B41-BCE3-FAED6723BCBC}"
EndProject
Project("{FAE04EC0-301F-11D3-BF4B-00C04F79EFBC}") = "TextoCaracteres", "TextoCaracteres\TextoCaracteres.csproj", "{095A3916-E2CB-49D0-8FDE-CC49F37F4637}"
EndProject
Global
	GlobalSection(SolutionConfigurationPlatforms) = preSolution
		Debug|Any CPU = Debug|Any CPU
		Release|Any CPU = Release|Any CPU
	EndGlobalSection
	GlobalSection(ProjectConfigurationPlatforms) = postSolution
		{F67225EA-58BD-4158-AF5A-81045C220078}.Debug|Any CPU.ActiveCfg = Debug|Any CPU
		{F67225EA-58BD-4158-AF5A-81045C220078}.Debug|Any CPU.Build.0 = Debug|Any CPU
		{F67225EA-58BD-4158-AF5A-81045C220078}.Release|Any CPU.ActiveCfg = Release|Any CPU
		{F67225EA-58BD-4158-AF5A-81045C220078}.Release|Any CPU.Build.0 = Release|Any CPU
		{95E6E9F5-F518-47E2-9515-0DE5A1CDC257}.Debug|Any CPU.ActiveCfg = Debug|Any CPU
		{95E6E9F5-F518-47E2-9515-0DE5A1CDC257}.Debug|Any CPU.Build.0 = Debug|Any CPU
		{95E6E9F5-F518-47E2-9515-0DE5A1CDC257}.Release|Any CPU.ActiveCfg = Release|Any CPU
		{95E6E9F5-F518-47E2-9515-0DE5A1CDC257}.Release|Any CPU.Build.0 = Release|Any CPU
		{EE3A65A0-B2DD-4C56-AECA-123C5AD4B624}.Debug|Any CPU.ActiveCfg = Debug|Any CPU
		{EE3A65A0-B2DD-4C56-AECA-123C5AD4B624}.Debug|Any CPU.Build.0 = Debug|Any CPU
		{EE3A65A0-B2DD-4C56-AECA-123C5AD4B624}.Release|Any CPU.ActiveCfg = Release|Any CPU
		{EE3A65A0-B2DD-4C56-AECA-123C5AD4B624}.Release|Any CPU.Build.0 = Release|Any CPU
		{87E01A98-F8AB-4B41-BCE3-FAED6723BCBC}.Debug|Any CPU.ActiveCfg = Debug|Any CPU
		{87E01A98-F8AB-4B41-BCE3-FAED6723BCBC}.Debug|Any CPU.Build.0 = Debug|Any CPU
		{87E01A98-F8AB-4B41-BCE3-FAED6723BCBC}.Release|Any CPU.ActiveCfg = Release|Any CPU
		{87E01A98-F8AB-4B41-BCE3-FAED6723BCBC}.Release|Any CPU.Build.0 = Release|Any CPU
		{095A3916-E2CB-49D0-8FDE-CC49F37F4637}.Debug|Any CPU.ActiveCfg = Debug|Any CPU
		{095A3916-E2CB-49D0-8FDE-CC49F37F4637}.Debug|Any CPU.Build.0 = Debug|Any CPU
		{095A3916-E2CB-49D0-8FDE-CC49F37F4637}.Release|Any CPU.ActiveCfg = Release|Any CPU
		{095A3916-E2CB-49D0-8FDE-CC49F37F4637}.Release|Any CPU.Build.0 = Release|Any CPU
	EndGlobalSection
	GlobalSection(SolutionProperties) = preSolution
		HideSolutionNode = FALSE
	EndGlobalSection
	GlobalSection(ExtensibilityGlobals) = postSolution
		SolutionGuid = {925099C0-2F23-4C0D-BDC2-47B75EFAC27A}
	EndGlobalSection
EndGlobal
